Microsoft Visual Studio Solution File, Format Version 12.00
# Visual Studio 2012
Project("{FAE04EC0-301F-11D3-BF4B-00C04F79EFBC}") = "SimpleClickerGameGodot", "SimpleClickerGameGodot.csproj", "{8D3E8A33-D349-46D7-9E7E-92E24F10B472}"
EndProject
Global
	GlobalSection(SolutionConfigurationPlatforms) = preSolution
	Debug|Any CPU = Debug|Any CPU
	ExportDebug|Any CPU = ExportDebug|Any CPU
	ExportRelease|Any CPU = ExportRelease|Any CPU
	EndGlobalSection
	GlobalSection(ProjectConfigurationPlatforms) = postSolution
		{8D3E8A33-D349-46D7-9E7E-92E24F10B472}.Debug|Any CPU.ActiveCfg = Debug|Any CPU
		{8D3E8A33-D349-46D7-9E7E-92E24F10B472}.Debug|Any CPU.Build.0 = Debug|Any CPU
		{8D3E8A33-D349-46D7-9E7E-92E24F10B472}.ExportDebug|Any CPU.ActiveCfg = ExportDebug|Any CPU
		{8D3E8A33-D349-46D7-9E7E-92E24F10B472}.ExportDebug|Any CPU.Build.0 = ExportDebug|Any CPU
		{8D3E8A33-D349-46D7-9E7E-92E24F10B472}.ExportRelease|Any CPU.ActiveCfg = ExportRelease|Any CPU
		{8D3E8A33-D349-46D7-9E7E-92E24F10B472}.ExportRelease|Any CPU.Build.0 = ExportRelease|Any CPU
	EndGlobalSection
EndGlobal
